// !$*UTF8*$!
{
	archiveVersion = 1;
	classes = {
	};
	objectVersion = 50;
	objects = {

/* Begin PBXBuildFile section */
		1809838C2673BBA500244FC4 /* AppDelegate.swift in Sources */ = {isa = PBXBuildFile; fileRef = 1809838B2673BBA500244FC4 /* AppDelegate.swift */; };
		1809838E2673BBA500244FC4 /* SceneDelegate.swift in Sources */ = {isa = PBXBuildFile; fileRef = 1809838D2673BBA500244FC4 /* SceneDelegate.swift */; };
		180983902673BBA500244FC4 /* ViewController.swift in Sources */ = {isa = PBXBuildFile; fileRef = 1809838F2673BBA500244FC4 /* ViewController.swift */; };
		180983932673BBA500244FC4 /* Main.storyboard in Resources */ = {isa = PBXBuildFile; fileRef = 180983912673BBA500244FC4 /* Main.storyboard */; };
		180983952673BBA600244FC4 /* Assets.xcassets in Resources */ = {isa = PBXBuildFile; fileRef = 180983942673BBA600244FC4 /* Assets.xcassets */; };
		180983982673BBA600244FC4 /* LaunchScreen.storyboard in Resources */ = {isa = PBXBuildFile; fileRef = 180983962673BBA600244FC4 /* LaunchScreen.storyboard */; };
		180983A02673E4C800244FC4 /* Hannotate.ttc in Resources */ = {isa = PBXBuildFile; fileRef = 1809839F2673E4C800244FC4 /* Hannotate.ttc */; };
		180983A22673EC7000244FC4 /* DFWaWaStd-W5.otf in Resources */ = {isa = PBXBuildFile; fileRef = 180983A12673EC7000244FC4 /* DFWaWaStd-W5.otf */; };
		180983A42673ED5800244FC4 /* DFWaWaStd-W7.otf in Resources */ = {isa = PBXBuildFile; fileRef = 180983A32673ED5800244FC4 /* DFWaWaStd-W7.otf */; };
/* End PBXBuildFile section */

/* Begin PBXFileReference section */
		180983882673BBA500244FC4 /* UITextField文字縮放.app */ = {isa = PBXFileReference; explicitFileType = wrapper.application; includeInIndex = 0; path = "UITextField文字縮放.app"; sourceTree = BUILT_PRODUCTS_DIR; };
		1809838B2673BBA500244FC4 /* AppDelegate.swift */ = {isa = PBXFileReference; lastKnownFileType = sourcecode.swift; path = AppDelegate.swift; sourceTree = "<group>"; };
		1809838D2673BBA500244FC4 /* SceneDelegate.swift */ = {isa = PBXFileReference; lastKnownFileType = sourcecode.swift; path = SceneDelegate.swift; sourceTree = "<group>"; };
		1809838F2673BBA500244FC4 /* ViewController.swift */ = {isa = PBXFileReference; lastKnownFileType = sourcecode.swift; path = ViewController.swift; sourceTree = "<group>"; };
		180983922673BBA500244FC4 /* Base */ = {isa = PBXFileReference; lastKnownFileType = file.storyboard; name = Base; path = Base.lproj/Main.storyboard; sourceTree = "<group>"; };
		180983942673BBA600244FC4 /* Assets.xcassets */ = {isa = PBXFileReference; lastKnownFileType = folder.assetcatalog; path = Assets.xcassets; sourceTree = "<group>"; };
		180983972673BBA600244FC4 /* Base */ = {isa = PBXFileReference; lastKnownFileType = file.storyboard; name = Base; path = Base.lproj/LaunchScreen.storyboard; sourceTree = "<group>"; };
		180983992673BBA600244FC4 /* Info.plist */ = {isa = PBXFileReference; lastKnownFileType = text.plist.xml; path = Info.plist; sourceTree = "<group>"; };
		1809839F2673E4C800244FC4 /* Hannotate.ttc */ = {isa = PBXFileReference; lastKnownFileType = file; path = Hannotate.ttc; sourceTree = "<group>"; };
		180983A12673EC7000244FC4 /* DFWaWaStd-W5.otf */ = {isa = PBXFileReference; lastKnownFileType = file; path = "DFWaWaStd-W5.otf"; sourceTree = "<group>"; };
		180983A32673ED5800244FC4 /* DFWaWaStd-W7.otf */ = {isa = PBXFileReference; lastKnownFileType = file; path = "DFWaWaStd-W7.otf"; sourceTree = "<group>"; };
/* End PBXFileReference section */

/* Begin PBXFrameworksBuildPhase section */
		180983852673BBA500244FC4 /* Frameworks */ = {
			isa = PBXFrameworksBuildPhase;
			buildActionMask = 2147483647;
			files = (
			);
			runOnlyForDeploymentPostprocessing = 0;
		};
/* End PBXFrameworksBuildPhase section */

/* Begin PBXGroup section */
		1809837F2673BBA500244FC4 = {
			isa = PBXGroup;
			children = (
				1809838A2673BBA500244FC4 /* UITextField文字縮放 */,
				180983892673BBA500244FC4 /* Products */,
			);
			sourceTree = "<group>";
		};
		180983892673BBA500244FC4 /* Products */ = {
			isa = PBXGroup;
			children = (
				180983882673BBA500244FC4 /* UITextField文字縮放.app */,
			);
			name = Products;
			sourceTree = "<group>";
		};
		1809838A2673BBA500244FC4 /* UITextField文字縮放 */ = {
			isa = PBXGroup;
			children = (
				1809838B2673BBA500244FC4 /* AppDelegate.swift */,
				1809838D2673BBA500244FC4 /* SceneDelegate.swift */,
				1809838F2673BBA500244FC4 /* ViewController.swift */,
				180983912673BBA500244FC4 /* Main.storyboard */,
				180983942673BBA600244FC4 /* Assets.xcassets */,
				180983962673BBA600244FC4 /* LaunchScreen.storyboard */,
				180983992673BBA600244FC4 /* Info.plist */,
				1809839F2673E4C800244FC4 /* Hannotate.ttc */,
				180983A12673EC7000244FC4 /* DFWaWaStd-W5.otf */,
				180983A32673ED5800244FC4 /* DFWaWaStd-W7.otf */,
			);
			path = "UITextField文字縮放";
			sourceTree = "<group>";
		};
/* End PBXGroup section */

/* Begin PBXNativeTarget section */
		180983872673BBA500244FC4 /* UITextField文字縮放 */ = {
			isa = PBXNativeTarget;
			buildConfigurationList = 1809839C2673BBA600244FC4 /* Build configuration list for PBXNativeTarget "UITextField文字縮放" */;
			buildPhases = (
				180983842673BBA500244FC4 /* Sources */,
				180983852673BBA500244FC4 /* Frameworks */,
				180983862673BBA500244FC4 /* Resources */,
			);
			buildRules = (
			);
			dependencies = (
			);
			name = "UITextField文字縮放";
			productName = "UITextField文字縮放";
			productReference = 180983882673BBA500244FC4 /* UITextField文字縮放.app */;
			productType = "com.apple.product-type.application";
		};
/* End PBXNativeTarget section */

/* Begin PBXProject section */
		180983802673BBA500244FC4 /* Project object */ = {
			isa = PBXProject;
			attributes = {
				LastSwiftUpdateCheck = 1250;
				LastUpgradeCheck = 1250;
				TargetAttributes = {
					180983872673BBA500244FC4 = {
						CreatedOnToolsVersion = 12.5;
					};
				};
			};
			buildConfigurationList = 180983832673BBA500244FC4 /* Build configuration list for PBXProject "UITextField文字縮放" */;
			compatibilityVersion = "Xcode 9.3";
			developmentRegion = en;
			hasScannedForEncodings = 0;
			knownRegions = (
				en,
				Base,
			);
			mainGroup = 1809837F2673BBA500244FC4;
			productRefGroup = 180983892673BBA500244FC4 /* Products */;
			projectDirPath = "";
			projectRoot = "";
			targets = (
				180983872673BBA500244FC4 /* UITextField文字縮放 */,
			);
		};
/* End PBXProject section */

/* Begin PBXResourcesBuildPhase section */
		180983862673BBA500244FC4 /* Resources */ = {
			isa = PBXResourcesBuildPhase;
			buildActionMask = 2147483647;
			files = (
				180983A02673E4C800244FC4 /* Hannotate.ttc in Resources */,
				180983982673BBA600244FC4 /* LaunchScreen.storyboard in Resources */,
				180983A22673EC7000244FC4 /* DFWaWaStd-W5.otf in Resources */,
				180983A42673ED5800244FC4 /* DFWaWaStd-W7.otf in Resources */,
				180983952673BBA600244FC4 /* Assets.xcassets in Resources */,
				180983932673BBA500244FC4 /* Main.storyboard in Resources */,
			);
			runOnlyForDeploymentPostprocessing = 0;
		};
/* End PBXResourcesBuildPhase section */

/* Begin PBXSourcesBuildPhase section */
		180983842673BBA500244FC4 /* Sources */ = {
			isa = PBXSourcesBuildPhase;
			buildActionMask = 2147483647;
			files = (
				180983902673BBA500244FC4 /* ViewController.swift in Sources */,
				1809838C2673BBA500244FC4 /* AppDelegate.swift in Sources */,
				1809838E2673BBA500244FC4 /* SceneDelegate.swift in Sources */,
			);
			runOnlyForDeploymentPostprocessing = 0;
		};
/* End PBXSourcesBuildPhase section */

/* Begin PBXVariantGroup section */
		180983912673BBA500244FC4 /* Main.storyboard */ = {
			isa = PBXVariantGroup;
			children = (
				180983922673BBA500244FC4 /* Base */,
			);
			name = Main.storyboard;
			sourceTree = "<group>";
		};
		180983962673BBA600244FC4 /* LaunchScreen.storyboard */ = {
			isa = PBXVariantGroup;
			children = (
				180983972673BBA600244FC4 /* Base */,
			);
			name = LaunchScreen.storyboard;
			sourceTree = "<group>";
		};
/* End PBXVariantGroup section */

/* Begin XCBuildConfiguration section */
		1809839A2673BBA600244FC4 /* Debug */ = {
			isa = XCBuildConfiguration;
			buildSettings = {
				ALWAYS_SEARCH_USER_PATHS = NO;
				CLANG_ANALYZER_NONNULL = YES;
				CLANG_ANALYZER_NUMBER_OBJECT_CONVERSION = YES_AGGRESSIVE;
				CLANG_CXX_LANGUAGE_STANDARD = "gnu++14";
				CLANG_CXX_LIBRARY = "libc++";
				CLANG_ENABLE_MODULES = YES;
				CLANG_ENABLE_OBJC_ARC = YES;
				CLANG_ENABLE_OBJC_WEAK = YES;
				CLANG_WARN_BLOCK_CAPTURE_AUTORELEASING = YES;
				CLANG_WARN_BOOL_CONVERSION = YES;
				CLANG_WARN_COMMA = YES;
				CLANG_WARN_CONSTANT_CONVERSION = YES;
				CLANG_WARN_DEPRECATED_OBJC_IMPLEMENTATIONS = YES;
				CLANG_WARN_DIRECT_OBJC_ISA_USAGE = YES_ERROR;
				CLANG_WARN_DOCUMENTATION_COMMENTS = YES;
				CLANG_WARN_EMPTY_BODY = YES;
				CLANG_WARN_ENUM_CONVERSION = YES;
				CLANG_WARN_INFINITE_RECURSION = YES;
				CLANG_WARN_INT_CONVERSION = YES;
				CLANG_WARN_NON_LITERAL_NULL_CONVERSION = YES;
				CLANG_WARN_OBJC_IMPLICIT_RETAIN_SELF = YES;
				CLANG_WARN_OBJC_LITERAL_CONVERSION = YES;
				CLANG_WARN_OBJC_ROOT_CLASS = YES_ERROR;
				CLANG_WARN_QUOTED_INCLUDE_IN_FRAMEWORK_HEADER = YES;
				CLANG_WARN_RANGE_LOOP_ANALYSIS = YES;
				CLANG_WARN_STRICT_PROTOTYPES = YES;
				CLANG_WARN_SUSPICIOUS_MOVE = YES;
				CLANG_WARN_UNGUARDED_AVAILABILITY = YES_AGGRESSIVE;
				CLANG_WARN_UNREACHABLE_CODE = YES;
				CLANG_WARN__DUPLICATE_METHOD_MATCH = YES;
				COPY_PHASE_STRIP = NO;
				DEBUG_INFORMATION_FORMAT = dwarf;
				ENABLE_STRICT_OBJC_MSGSEND = YES;
				ENABLE_TESTABILITY = YES;
				GCC_C_LANGUAGE_STANDARD = gnu11;
				GCC_DYNAMIC_NO_PIC = NO;
				GCC_NO_COMMON_BLOCKS = YES;
				GCC_OPTIMIZATION_LEVEL = 0;
				GCC_PREPROCESSOR_DEFINITIONS = (
					"DEBUG=1",
					"$(inherited)",
				);
				GCC_WARN_64_TO_32_BIT_CONVERSION = YES;
				GCC_WARN_ABOUT_RETURN_TYPE = YES_ERROR;
				GCC_WARN_UNDECLARED_SELECTOR = YES;
				GCC_WARN_UNINITIALIZED_AUTOS = YES_AGGRESSIVE;
				GCC_WARN_UNUSED_FUNCTION = YES;
				GCC_WARN_UNUSED_VARIABLE = YES;
				IPHONEOS_DEPLOYMENT_TARGET = 14.5;
				MTL_ENABLE_DEBUG_INFO = INCLUDE_SOURCE;
				MTL_FAST_MATH = YES;
				ONLY_ACTIVE_ARCH = YES;
				SDKROOT = iphoneos;
				SWIFT_ACTIVE_COMPILATION_CONDITIONS = DEBUG;
				SWIFT_OPTIMIZATION_LEVEL = "-Onone";
			};
			name = Debug;
		};
		1809839B2673BBA600244FC4 /* Release */ = {
			isa = XCBuildConfiguration;
			buildSettings = {
				ALWAYS_SEARCH_USER_PATHS = NO;
				CLANG_ANALYZER_NONNULL = YES;
				CLANG_ANALYZER_NUMBER_OBJECT_CONVERSION = YES_AGGRESSIVE;
				CLANG_CXX_LANGUAGE_STANDARD = "gnu++14";
				CLANG_CXX_LIBRARY = "libc++";
				CLANG_ENABLE_MODULES = YES;
				CLANG_ENABLE_OBJC_ARC = YES;
				CLANG_ENABLE_OBJC_WEAK = YES;
				CLANG_WARN_BLOCK_CAPTURE_AUTORELEASING = YES;
				CLANG_WARN_BOOL_CONVERSION = YES;
				CLANG_WARN_COMMA = YES;
				CLANG_WARN_CONSTANT_CONVERSION = YES;
				CLANG_WARN_DEPRECATED_OBJC_IMPLEMENTATIONS = YES;
				CLANG_WARN_DIRECT_OBJC_ISA_USAGE = YES_ERROR;
				CLANG_WARN_DOCUMENTATION_COMMENTS = YES;
				CLANG_WARN_EMPTY_BODY = YES;
				CLANG_WARN_ENUM_CONVERSION = YES;
				CLANG_WARN_INFINITE_RECURSION = YES;
				CLANG_WARN_INT_CONVERSION = YES;
				CLANG_WARN_NON_LITERAL_NULL_CONVERSION = YES;
				CLANG_WARN_OBJC_IMPLICIT_RETAIN_SELF = YES;
				CLANG_WARN_OBJC_LITERAL_CONVERSION = YES;
				CLANG_WARN_OBJC_ROOT_CLASS = YES_ERROR;
				CLANG_WARN_QUOTED_INCLUDE_IN_FRAMEWORK_HEADER = YES;
				CLANG_WARN_RANGE_LOOP_ANALYSIS = YES;
				CLANG_WARN_STRICT_PROTOTYPES = YES;
				CLANG_WARN_SUSPICIOUS_MOVE = YES;
				CLANG_WARN_UNGUARDED_AVAILABILITY = YES_AGGRESSIVE;
				CLANG_WARN_UNREACHABLE_CODE = YES;
				CLANG_WARN__DUPLICATE_METHOD_MATCH = YES;
				COPY_PHASE_STRIP = NO;
				DEBUG_INFORMATION_FORMAT = "dwarf-with-dsym";
				ENABLE_NS_ASSERTIONS = NO;
				ENABLE_STRICT_OBJC_MSGSEND = YES;
				GCC_C_LANGUAGE_STANDARD = gnu11;
				GCC_NO_COMMON_BLOCKS = YES;
				GCC_WARN_64_TO_32_BIT_CONVERSION = YES;
				GCC_WARN_ABOUT_RETURN_TYPE = YES_ERROR;
				GCC_WARN_UNDECLARED_SELECTOR = YES;
				GCC_WARN_UNINITIALIZED_AUTOS = YES_AGGRESSIVE;
				GCC_WARN_UNUSED_FUNCTION = YES;
				GCC_WARN_UNUSED_VARIABLE = YES;
				IPHONEOS_DEPLOYMENT_TARGET = 14.5;
				MTL_ENABLE_DEBUG_INFO = NO;
				MTL_FAST_MATH = YES;
				SDKROOT = iphoneos;
				SWIFT_COMPILATION_MODE = wholemodule;
				SWIFT_OPTIMIZATION_LEVEL = "-O";
				VALIDATE_PRODUCT = YES;
			};
			name = Release;
		};
		1809839D2673BBA600244FC4 /* Debug */ = {
			isa = XCBuildConfiguration;
			buildSettings = {
				ASSETCATALOG_COMPILER_APPICON_NAME = AppIcon;
				ASSETCATALOG_COMPILER_GLOBAL_ACCENT_COLOR_NAME = AccentColor;
				CODE_SIGN_STYLE = Automatic;
				DEVELOPMENT_TEAM = Q552KV7YR5;
				INFOPLIST_FILE = "UITextField文字縮放/Info.plist";
				LD_RUNPATH_SEARCH_PATHS = (
					"$(inherited)",
					"@executable_path/Frameworks",
				);
				PRODUCT_BUNDLE_IDENTIFIER = "dearblythe.UITextField----";
				PRODUCT_NAME = "$(TARGET_NAME)";
				SWIFT_VERSION = 5.0;
				TARGETED_DEVICE_FAMILY = "1,2";
			};
			name = Debug;
		};
		1809839E2673BBA600244FC4 /* Release */ = {
			isa = XCBuildConfiguration;
			buildSettings = {
				ASSETCATALOG_COMPILER_APPICON_NAME = AppIcon;
				ASSETCATALOG_COMPILER_GLOBAL_ACCENT_COLOR_NAME = AccentColor;
				CODE_SIGN_STYLE = Automatic;
				DEVELOPMENT_TEAM = Q552KV7YR5;
				INFOPLIST_FILE = "UITextField文字縮放/Info.plist";
				LD_RUNPATH_SEARCH_PATHS = (
					"$(inherited)",
					"@executable_path/Frameworks",
				);
				PRODUCT_BUNDLE_IDENTIFIER = "dearblythe.UITextField----";
				PRODUCT_NAME = "$(TARGET_NAME)";
				SWIFT_VERSION = 5.0;
				TARGETED_DEVICE_FAMILY = "1,2";
			};
			name = Release;
		};
/* End XCBuildConfiguration section */

/* Begin XCConfigurationList section */
		180983832673BBA500244FC4 /* Build configuration list for PBXProject "UITextField文字縮放" */ = {
			isa = XCConfigurationList;
			buildConfigurations = (
				1809839A2673BBA600244FC4 /* Debug */,
				1809839B2673BBA600244FC4 /* Release */,
			);
			defaultConfigurationIsVisible = 0;
			defaultConfigurationName = Release;
		};
		1809839C2673BBA600244FC4 /* Build configuration list for PBXNativeTarget "UITextField文字縮放" */ = {
			isa = XCConfigurationList;
			buildConfigurations = (
				1809839D2673BBA600244FC4 /* Debug */,
				1809839E2673BBA600244FC4 /* Release */,
			);
			defaultConfigurationIsVisible = 0;
			defaultConfigurationName = Release;
		};
/* End XCConfigurationList section */
	};
	rootObject = 180983802673BBA500244FC4 /* Project object */;
}
